
Microsoft Visual Studio Solution File, Format Version 12.00
# Visual Studio 14
VisualStudioVersion = 14.0.23107.0
MinimumVisualStudioVersion = 10.0.40219.1
Project("{8BC9CEB8-8B4A-11D0-8D11-00A0C91BC942}") = "RhythMIR", "source\RhythMIR.vcxproj", "{39C3DA1A-0074-4E23-B4E8-88EB3369367C}"
EndProject
Global
	GlobalSection(SolutionConfigurationPlatforms) = preSolution
		Debug Static|x86 = Debug Static|x86
		Debug|x86 = Debug|x86
		Release Static|x86 = Release Static|x86
		Release|x86 = Release|x86
	EndGlobalSection
	GlobalSection(ProjectConfigurationPlatforms) = postSolution
		{39C3DA1A-0074-4E23-B4E8-88EB3369367C}.Debug Static|x86.ActiveCfg = Debug Static|Win32
		{39C3DA1A-0074-4E23-B4E8-88EB3369367C}.Debug Static|x86.Build.0 = Debug Static|Win32
		{39C3DA1A-0074-4E23-B4E8-88EB3369367C}.Debug|x86.ActiveCfg = Debug|Win32
		{39C3DA1A-0074-4E23-B4E8-88EB3369367C}.Debug|x86.Build.0 = Debug|Win32
		{39C3DA1A-0074-4E23-B4E8-88EB3369367C}.Release Static|x86.ActiveCfg = Release Static|Win32
		{39C3DA1A-0074-4E23-B4E8-88EB3369367C}.Release Static|x86.Build.0 = Release Static|Win32
		{39C3DA1A-0074-4E23-B4E8-88EB3369367C}.Release|x86.ActiveCfg = Release|Win32
		{39C3DA1A-0074-4E23-B4E8-88EB3369367C}.Release|x86.Build.0 = Release|Win32
	EndGlobalSection
	GlobalSection(SolutionProperties) = preSolution
		HideSolutionNode = FALSE
	EndGlobalSection
EndGlobal
