
Microsoft Visual Studio Solution File, Format Version 12.00
# Visual Studio 14
VisualStudioVersion = 14.0.23107.0
MinimumVisualStudioVersion = 10.0.40219.1
Project("{8BC9CEB8-8B4A-11D0-8D11-00A0C91BC942}") = "RhythMIR", "source\RhythMIR.vcxproj", "{39C3DA1A-0074-4E23-B4E8-88EB3369367C}"
	ProjectSection(ProjectDependencies) = postProject
		{EBEADAA1-BC2F-4088-9146-A04A807D404E} = {EBEADAA1-BC2F-4088-9146-A04A807D404E}
		{7673B1AA-8D4A-482E-85DC-2F6C2FF8B076} = {7673B1AA-8D4A-482E-85DC-2F6C2FF8B076}
	EndProjectSection
EndProject
Project("{8BC9CEB8-8B4A-11D0-8D11-00A0C91BC942}") = "SFML_Extensions", "external\include\SFML_Extensions\SFML_Extensions.vcxproj", "{EBEADAA1-BC2F-4088-9146-A04A807D404E}"
	ProjectSection(ProjectDependencies) = postProject
		{EE6830B3-D327-4229-BFDF-AD2E17AF2A45} = {EE6830B3-D327-4229-BFDF-AD2E17AF2A45}
	EndProjectSection
EndProject
Project("{8BC9CEB8-8B4A-11D0-8D11-00A0C91BC942}") = "Agnostic", "external\include\Agnostic\Agnostic.vcxproj", "{EE6830B3-D327-4229-BFDF-AD2E17AF2A45}"
EndProject
Project("{8BC9CEB8-8B4A-11D0-8D11-00A0C91BC942}") = "aubio", "external\include\aubio\aubio.vcxproj", "{92A60520-8725-43CE-90E6-3C8066156643}"
EndProject
Project("{8BC9CEB8-8B4A-11D0-8D11-00A0C91BC942}") = "ImGui", "external\include\ImGui\ImGui.vcxproj", "{35D4F8D3-44CE-4D4A-AED6-9719F3E5A62B}"
EndProject
Project("{2150E333-8FDC-42A3-9474-1A3956D46DE8}") = "Solution Items", "Solution Items", "{82DD6C45-9CFF-4176-A020-B2820D1043AE}"
EndProject
Project("{8BC9CEB8-8B4A-11D0-8D11-00A0C91BC942}") = "DSPFilters", "external\include\DspFilters\DSPFilters.vcxproj", "{7673B1AA-8D4A-482E-85DC-2F6C2FF8B076}"
EndProject
Global
	GlobalSection(SolutionConfigurationPlatforms) = preSolution
		Debug Static|x64 = Debug Static|x64
		Debug Static|x86 = Debug Static|x86
		Debug|x64 = Debug|x64
		Debug|x86 = Debug|x86
		Release Static|x64 = Release Static|x64
		Release Static|x86 = Release Static|x86
		Release|x64 = Release|x64
		Release|x86 = Release|x86
	EndGlobalSection
	GlobalSection(ProjectConfigurationPlatforms) = postSolution
		{39C3DA1A-0074-4E23-B4E8-88EB3369367C}.Debug Static|x64.ActiveCfg = Debug Static|Win32
		{39C3DA1A-0074-4E23-B4E8-88EB3369367C}.Debug Static|x86.ActiveCfg = Debug Static|Win32
		{39C3DA1A-0074-4E23-B4E8-88EB3369367C}.Debug Static|x86.Build.0 = Debug Static|Win32
		{39C3DA1A-0074-4E23-B4E8-88EB3369367C}.Debug|x64.ActiveCfg = Debug|Win32
		{39C3DA1A-0074-4E23-B4E8-88EB3369367C}.Debug|x86.ActiveCfg = Debug|Win32
		{39C3DA1A-0074-4E23-B4E8-88EB3369367C}.Debug|x86.Build.0 = Debug|Win32
		{39C3DA1A-0074-4E23-B4E8-88EB3369367C}.Release Static|x64.ActiveCfg = Release Static|Win32
		{39C3DA1A-0074-4E23-B4E8-88EB3369367C}.Release Static|x86.ActiveCfg = Release Static|Win32
		{39C3DA1A-0074-4E23-B4E8-88EB3369367C}.Release Static|x86.Build.0 = Release Static|Win32
		{39C3DA1A-0074-4E23-B4E8-88EB3369367C}.Release|x64.ActiveCfg = Release|Win32
		{39C3DA1A-0074-4E23-B4E8-88EB3369367C}.Release|x86.ActiveCfg = Release|Win32
		{39C3DA1A-0074-4E23-B4E8-88EB3369367C}.Release|x86.Build.0 = Release|Win32
		{EBEADAA1-BC2F-4088-9146-A04A807D404E}.Debug Static|x64.ActiveCfg = Debug Static|Win32
		{EBEADAA1-BC2F-4088-9146-A04A807D404E}.Debug Static|x86.ActiveCfg = Debug Static|Win32
		{EBEADAA1-BC2F-4088-9146-A04A807D404E}.Debug Static|x86.Build.0 = Debug Static|Win32
		{EBEADAA1-BC2F-4088-9146-A04A807D404E}.Debug|x64.ActiveCfg = Debug|Win32
		{EBEADAA1-BC2F-4088-9146-A04A807D404E}.Debug|x86.ActiveCfg = Debug|Win32
		{EBEADAA1-BC2F-4088-9146-A04A807D404E}.Debug|x86.Build.0 = Debug|Win32
		{EBEADAA1-BC2F-4088-9146-A04A807D404E}.Release Static|x64.ActiveCfg = Release Static|Win32
		{EBEADAA1-BC2F-4088-9146-A04A807D404E}.Release Static|x86.ActiveCfg = Release Static|Win32
		{EBEADAA1-BC2F-4088-9146-A04A807D404E}.Release Static|x86.Build.0 = Release Static|Win32
		{EBEADAA1-BC2F-4088-9146-A04A807D404E}.Release|x64.ActiveCfg = Release|Win32
		{EBEADAA1-BC2F-4088-9146-A04A807D404E}.Release|x86.ActiveCfg = Release|Win32
		{EBEADAA1-BC2F-4088-9146-A04A807D404E}.Release|x86.Build.0 = Release|Win32
		{EE6830B3-D327-4229-BFDF-AD2E17AF2A45}.Debug Static|x64.ActiveCfg = Release|Win32
		{EE6830B3-D327-4229-BFDF-AD2E17AF2A45}.Debug Static|x64.Build.0 = Release|Win32
		{EE6830B3-D327-4229-BFDF-AD2E17AF2A45}.Debug Static|x86.ActiveCfg = Debug|Win32
		{EE6830B3-D327-4229-BFDF-AD2E17AF2A45}.Debug Static|x86.Build.0 = Debug|Win32
		{EE6830B3-D327-4229-BFDF-AD2E17AF2A45}.Debug|x64.ActiveCfg = Debug|Win32
		{EE6830B3-D327-4229-BFDF-AD2E17AF2A45}.Debug|x86.ActiveCfg = Debug|Win32
		{EE6830B3-D327-4229-BFDF-AD2E17AF2A45}.Debug|x86.Build.0 = Debug|Win32
		{EE6830B3-D327-4229-BFDF-AD2E17AF2A45}.Release Static|x64.ActiveCfg = Release|Win32
		{EE6830B3-D327-4229-BFDF-AD2E17AF2A45}.Release Static|x64.Build.0 = Release|Win32
		{EE6830B3-D327-4229-BFDF-AD2E17AF2A45}.Release Static|x86.ActiveCfg = Release|Win32
		{EE6830B3-D327-4229-BFDF-AD2E17AF2A45}.Release Static|x86.Build.0 = Release|Win32
		{EE6830B3-D327-4229-BFDF-AD2E17AF2A45}.Release|x64.ActiveCfg = Release|Win32
		{EE6830B3-D327-4229-BFDF-AD2E17AF2A45}.Release|x86.ActiveCfg = Release|Win32
		{EE6830B3-D327-4229-BFDF-AD2E17AF2A45}.Release|x86.Build.0 = Release|Win32
		{92A60520-8725-43CE-90E6-3C8066156643}.Debug Static|x64.ActiveCfg = Debug|x64
		{92A60520-8725-43CE-90E6-3C8066156643}.Debug Static|x64.Build.0 = Debug|x64
		{92A60520-8725-43CE-90E6-3C8066156643}.Debug Static|x86.ActiveCfg = Debug|Win32
		{92A60520-8725-43CE-90E6-3C8066156643}.Debug Static|x86.Build.0 = Debug|Win32
		{92A60520-8725-43CE-90E6-3C8066156643}.Debug|x64.ActiveCfg = Debug|x64
		{92A60520-8725-43CE-90E6-3C8066156643}.Debug|x64.Build.0 = Debug|x64
		{92A60520-8725-43CE-90E6-3C8066156643}.Debug|x86.ActiveCfg = Debug|Win32
		{92A60520-8725-43CE-90E6-3C8066156643}.Debug|x86.Build.0 = Debug|Win32
		{92A60520-8725-43CE-90E6-3C8066156643}.Release Static|x64.ActiveCfg = Release|x64
		{92A60520-8725-43CE-90E6-3C8066156643}.Release Static|x64.Build.0 = Release|x64
		{92A60520-8725-43CE-90E6-3C8066156643}.Release Static|x86.ActiveCfg = Release|Win32
		{92A60520-8725-43CE-90E6-3C8066156643}.Release Static|x86.Build.0 = Release|Win32
		{92A60520-8725-43CE-90E6-3C8066156643}.Release|x64.ActiveCfg = Release|x64
		{92A60520-8725-43CE-90E6-3C8066156643}.Release|x64.Build.0 = Release|x64
		{92A60520-8725-43CE-90E6-3C8066156643}.Release|x86.ActiveCfg = Release|Win32
		{92A60520-8725-43CE-90E6-3C8066156643}.Release|x86.Build.0 = Release|Win32
		{35D4F8D3-44CE-4D4A-AED6-9719F3E5A62B}.Debug Static|x64.ActiveCfg = Debug|x64
		{35D4F8D3-44CE-4D4A-AED6-9719F3E5A62B}.Debug Static|x64.Build.0 = Debug|x64
		{35D4F8D3-44CE-4D4A-AED6-9719F3E5A62B}.Debug Static|x86.ActiveCfg = Debug|Win32
		{35D4F8D3-44CE-4D4A-AED6-9719F3E5A62B}.Debug Static|x86.Build.0 = Debug|Win32
		{35D4F8D3-44CE-4D4A-AED6-9719F3E5A62B}.Debug|x64.ActiveCfg = Debug|x64
		{35D4F8D3-44CE-4D4A-AED6-9719F3E5A62B}.Debug|x64.Build.0 = Debug|x64
		{35D4F8D3-44CE-4D4A-AED6-9719F3E5A62B}.Debug|x86.ActiveCfg = Debug|Win32
		{35D4F8D3-44CE-4D4A-AED6-9719F3E5A62B}.Debug|x86.Build.0 = Debug|Win32
		{35D4F8D3-44CE-4D4A-AED6-9719F3E5A62B}.Release Static|x64.ActiveCfg = Release|x64
		{35D4F8D3-44CE-4D4A-AED6-9719F3E5A62B}.Release Static|x64.Build.0 = Release|x64
		{35D4F8D3-44CE-4D4A-AED6-9719F3E5A62B}.Release Static|x86.ActiveCfg = Release|Win32
		{35D4F8D3-44CE-4D4A-AED6-9719F3E5A62B}.Release Static|x86.Build.0 = Release|Win32
		{35D4F8D3-44CE-4D4A-AED6-9719F3E5A62B}.Release|x64.ActiveCfg = Release|x64
		{35D4F8D3-44CE-4D4A-AED6-9719F3E5A62B}.Release|x64.Build.0 = Release|x64
		{35D4F8D3-44CE-4D4A-AED6-9719F3E5A62B}.Release|x86.ActiveCfg = Release|Win32
		{35D4F8D3-44CE-4D4A-AED6-9719F3E5A62B}.Release|x86.Build.0 = Release|Win32
		{7673B1AA-8D4A-482E-85DC-2F6C2FF8B076}.Debug Static|x64.ActiveCfg = Debug|x64
		{7673B1AA-8D4A-482E-85DC-2F6C2FF8B076}.Debug Static|x64.Build.0 = Debug|x64
		{7673B1AA-8D4A-482E-85DC-2F6C2FF8B076}.Debug Static|x86.ActiveCfg = Debug|Win32
		{7673B1AA-8D4A-482E-85DC-2F6C2FF8B076}.Debug Static|x86.Build.0 = Debug|Win32
		{7673B1AA-8D4A-482E-85DC-2F6C2FF8B076}.Debug|x64.ActiveCfg = Debug|x64
		{7673B1AA-8D4A-482E-85DC-2F6C2FF8B076}.Debug|x64.Build.0 = Debug|x64
		{7673B1AA-8D4A-482E-85DC-2F6C2FF8B076}.Debug|x86.ActiveCfg = Debug|Win32
		{7673B1AA-8D4A-482E-85DC-2F6C2FF8B076}.Debug|x86.Build.0 = Debug|Win32
		{7673B1AA-8D4A-482E-85DC-2F6C2FF8B076}.Release Static|x64.ActiveCfg = Release|x64
		{7673B1AA-8D4A-482E-85DC-2F6C2FF8B076}.Release Static|x64.Build.0 = Release|x64
		{7673B1AA-8D4A-482E-85DC-2F6C2FF8B076}.Release Static|x86.ActiveCfg = Release|Win32
		{7673B1AA-8D4A-482E-85DC-2F6C2FF8B076}.Release Static|x86.Build.0 = Release|Win32
		{7673B1AA-8D4A-482E-85DC-2F6C2FF8B076}.Release|x64.ActiveCfg = Release|x64
		{7673B1AA-8D4A-482E-85DC-2F6C2FF8B076}.Release|x64.Build.0 = Release|x64
		{7673B1AA-8D4A-482E-85DC-2F6C2FF8B076}.Release|x86.ActiveCfg = Release|Win32
		{7673B1AA-8D4A-482E-85DC-2F6C2FF8B076}.Release|x86.Build.0 = Release|Win32
	EndGlobalSection
	GlobalSection(SolutionProperties) = preSolution
		HideSolutionNode = FALSE
	EndGlobalSection
EndGlobal
