<?xml version="1.0" encoding="utf-8"?>
<Project ToolsVersion="4.0" xmlns="http://schemas.microsoft.com/developer/msbuild/2003">
  <ItemGroup>
    <Filter Include="Application">
      <UniqueIdentifier>{a6378345-58e5-4907-83fd-9ccc06c0ab16}</UniqueIdentifier>
    </Filter>
    <Filter Include="Application\State Machine">
      <UniqueIdentifier>{505a8c66-ae83-457c-8f2e-4d017c44fa9e}</UniqueIdentifier>
    </Filter>
    <Filter Include="Application\States">
      <UniqueIdentifier>{1d107901-ea68-4d18-9162-7bf316d9dbe1}</UniqueIdentifier>
    </Filter>
    <Filter Include="RapidXML">
      <UniqueIdentifier>{df49ed2f-d5ad-4f66-918a-e0c60974f711}</UniqueIdentifier>
    </Filter>
  </ItemGroup>
  <ItemGroup>
    <ClCompile Include="main.cpp">
      <Filter>Application</Filter>
    </ClCompile>
    <ClCompile Include="RhythMIR_application.cpp">
      <Filter>Application</Filter>
    </ClCompile>
    <ClCompile Include="game_state_machine.cpp">
      <Filter>Application\State Machine</Filter>
    </ClCompile>
    <ClCompile Include="appstate.cpp">
      <Filter>Application\State Machine</Filter>
    </ClCompile>
    <ClCompile Include="menu_state.cpp">
      <Filter>Application\States</Filter>
    </ClCompile>
    <ClCompile Include="intro_state.cpp">
      <Filter>Application\States</Filter>
    </ClCompile>
    <ClCompile Include="game_state.cpp">
      <Filter>Application\States</Filter>
    </ClCompile>
    <ClCompile Include="game_object.cpp">
      <Filter>Application</Filter>
    </ClCompile>
    <ClCompile Include="RhythMIR_aubio.cpp">
      <Filter>Application</Filter>
    </ClCompile>
    <ClCompile Include="beatmap.cpp">
      <Filter>Application</Filter>
    </ClCompile>
  </ItemGroup>
  <ItemGroup>
    <ClInclude Include="RhythMIR_application.h">
      <Filter>Application</Filter>
    </ClInclude>
    <ClInclude Include="appstate.h">
      <Filter>Application\State Machine</Filter>
    </ClInclude>
    <ClInclude Include="game_state_machine.h">
      <Filter>Application\State Machine</Filter>
    </ClInclude>
    <ClInclude Include="menu_state.h">
      <Filter>Application\States</Filter>
    </ClInclude>
    <ClInclude Include="intro_state.h">
      <Filter>Application\States</Filter>
    </ClInclude>
    <ClInclude Include="game_state.h">
      <Filter>Application\States</Filter>
    </ClInclude>
    <ClInclude Include="game_object.h">
      <Filter>Application</Filter>
    </ClInclude>
    <ClInclude Include="song.h">
      <Filter>Application</Filter>
    </ClInclude>
    <ClInclude Include="beatmap.h">
      <Filter>Application</Filter>
    </ClInclude>
    <ClInclude Include="RhythMIR_aubio.h">
      <Filter>Application</Filter>
    </ClInclude>
    <ClInclude Include="..\external\include\RapidXML\rapidxml_utils.hpp">
      <Filter>RapidXML</Filter>
    </ClInclude>
    <ClInclude Include="..\external\include\RapidXML\rapidxml.hpp">
      <Filter>RapidXML</Filter>
    </ClInclude>
    <ClInclude Include="..\external\include\RapidXML\rapidxml_iterators.hpp">
      <Filter>RapidXML</Filter>
    </ClInclude>
    <ClInclude Include="..\external\include\RapidXML\rapidxml_print.hpp">
      <Filter>RapidXML</Filter>
    </ClInclude>
    <ClInclude Include="game_settings.h">
      <Filter>Application</Filter>
    </ClInclude>
  </ItemGroup>
</Project>